
Microsoft Visual Studio Solution File, Format Version 12.00
# Visual Studio Version 17
VisualStudioVersion = 17.13.35931.197 d17.13
MinimumVisualStudioVersion = 10.0.40219.1
Project("{FAE04EC0-301F-11D3-BF4B-00C04F79EFBC}") = "aloorS6", "aloorS6\aloorS6.csproj", "{FE819CEA-2E2B-4C9C-A29D-9D7B6B792503}"
EndProject
Global
	GlobalSection(SolutionConfigurationPlatforms) = preSolution
		Debug|Any CPU = Debug|Any CPU
		Release|Any CPU = Release|Any CPU
	EndGlobalSection
	GlobalSection(ProjectConfigurationPlatforms) = postSolution
		{FE819CEA-2E2B-4C9C-A29D-9D7B6B792503}.Debug|Any CPU.ActiveCfg = Debug|Any CPU
		{FE819CEA-2E2B-4C9C-A29D-9D7B6B792503}.Debug|Any CPU.Build.0 = Debug|Any CPU
		{FE819CEA-2E2B-4C9C-A29D-9D7B6B792503}.Release|Any CPU.ActiveCfg = Release|Any CPU
		{FE819CEA-2E2B-4C9C-A29D-9D7B6B792503}.Release|Any CPU.Build.0 = Release|Any CPU
	EndGlobalSection
	GlobalSection(SolutionProperties) = preSolution
		HideSolutionNode = FALSE
	EndGlobalSection
	GlobalSection(ExtensibilityGlobals) = postSolution
		SolutionGuid = {B1144FE1-BCB8-46DC-86D5-E22A94B1853D}
	EndGlobalSection
EndGlobal
